
Microsoft Visual Studio Solution File, Format Version 12.00
# Visual Studio Version 17
VisualStudioVersion = 17.9.34728.123
MinimumVisualStudioVersion = 10.0.40219.1
Project("{FAE04EC0-301F-11D3-BF4B-00C04F79EFBC}") = "text", "text\text.csproj", "{404EC535-9FDE-4029-9945-4B57CF896C96}"
EndProject
Global
	GlobalSection(SolutionConfigurationPlatforms) = preSolution
		Debug|Any CPU = Debug|Any CPU
		Release|Any CPU = Release|Any CPU
	EndGlobalSection
	GlobalSection(ProjectConfigurationPlatforms) = postSolution
		{404EC535-9FDE-4029-9945-4B57CF896C96}.Debug|Any CPU.ActiveCfg = Debug|Any CPU
		{404EC535-9FDE-4029-9945-4B57CF896C96}.Debug|Any CPU.Build.0 = Debug|Any CPU
		{404EC535-9FDE-4029-9945-4B57CF896C96}.Release|Any CPU.ActiveCfg = Release|Any CPU
		{404EC535-9FDE-4029-9945-4B57CF896C96}.Release|Any CPU.Build.0 = Release|Any CPU
	EndGlobalSection
	GlobalSection(SolutionProperties) = preSolution
		HideSolutionNode = FALSE
	EndGlobalSection
	GlobalSection(ExtensibilityGlobals) = postSolution
		SolutionGuid = {B75AB408-54C1-4C8C-A13C-9BBBB6234CDD}
	EndGlobalSection
EndGlobal
